
Microsoft Visual Studio Solution File, Format Version 12.00
# Visual Studio 15
Project("{FAE04EC0-301F-11D3-BF4B-00C04F79EFBC}") = "Assembly-CSharp", "Assembly-CSharp.csproj", "{9C39790D-8A88-451E-4104-E4D9818AA399}"
EndProject
Project("{FAE04EC0-301F-11D3-BF4B-00C04F79EFBC}") = "Assembly-CSharp-Editor", "Assembly-CSharp-Editor.csproj", "{BFA39F15-49B1-533C-EFFF-0D0B27919AD4}"
EndProject
Global
	GlobalSection(SolutionConfigurationPlatforms) = preSolution
		Debug|Any CPU = Debug|Any CPU
		Release|Any CPU = Release|Any CPU
	EndGlobalSection
	GlobalSection(ProjectConfigurationPlatforms) = postSolution
		{9C39790D-8A88-451E-4104-E4D9818AA399}.Debug|Any CPU.ActiveCfg = Debug|Any CPU
		{9C39790D-8A88-451E-4104-E4D9818AA399}.Debug|Any CPU.Build.0 = Debug|Any CPU
		{9C39790D-8A88-451E-4104-E4D9818AA399}.Release|Any CPU.ActiveCfg = Release|Any CPU
		{9C39790D-8A88-451E-4104-E4D9818AA399}.Release|Any CPU.Build.0 = Release|Any CPU
		{BFA39F15-49B1-533C-EFFF-0D0B27919AD4}.Debug|Any CPU.ActiveCfg = Debug|Any CPU
		{BFA39F15-49B1-533C-EFFF-0D0B27919AD4}.Debug|Any CPU.Build.0 = Debug|Any CPU
		{BFA39F15-49B1-533C-EFFF-0D0B27919AD4}.Release|Any CPU.ActiveCfg = Release|Any CPU
		{BFA39F15-49B1-533C-EFFF-0D0B27919AD4}.Release|Any CPU.Build.0 = Release|Any CPU
	EndGlobalSection
	GlobalSection(SolutionProperties) = preSolution
		HideSolutionNode = FALSE
	EndGlobalSection
EndGlobal
